
Microsoft Visual Studio Solution File, Format Version 12.00
# Visual Studio 15
VisualStudioVersion = 15.0.26228.10
MinimumVisualStudioVersion = 10.0.40219.1
Project("{FAE04EC0-301F-11D3-BF4B-00C04F79EFBC}") = "CreationalPattern", "CreationPattern\CreationalPattern.csproj", "{EB7A60B4-010D-4B25-B7F3-8AA3F970BACD}"
EndProject
Project("{FAE04EC0-301F-11D3-BF4B-00C04F79EFBC}") = "StructuralPattern", "StructuralPattern\StructuralPattern.csproj", "{6D1CEE56-5F0C-4D3F-803E-8D5F4B7CBD79}"
EndProject
Project("{FAE04EC0-301F-11D3-BF4B-00C04F79EFBC}") = "BehavioralPattern", "BehavioralPattern\BehavioralPattern.csproj", "{D002CD07-34B7-4E66-A871-B5FA57D03AC3}"
EndProject
Global
	GlobalSection(SolutionConfigurationPlatforms) = preSolution
		Debug|Any CPU = Debug|Any CPU
		Release|Any CPU = Release|Any CPU
	EndGlobalSection
	GlobalSection(ProjectConfigurationPlatforms) = postSolution
		{EB7A60B4-010D-4B25-B7F3-8AA3F970BACD}.Debug|Any CPU.ActiveCfg = Debug|Any CPU
		{EB7A60B4-010D-4B25-B7F3-8AA3F970BACD}.Debug|Any CPU.Build.0 = Debug|Any CPU
		{EB7A60B4-010D-4B25-B7F3-8AA3F970BACD}.Release|Any CPU.ActiveCfg = Release|Any CPU
		{EB7A60B4-010D-4B25-B7F3-8AA3F970BACD}.Release|Any CPU.Build.0 = Release|Any CPU
		{6D1CEE56-5F0C-4D3F-803E-8D5F4B7CBD79}.Debug|Any CPU.ActiveCfg = Debug|Any CPU
		{6D1CEE56-5F0C-4D3F-803E-8D5F4B7CBD79}.Debug|Any CPU.Build.0 = Debug|Any CPU
		{6D1CEE56-5F0C-4D3F-803E-8D5F4B7CBD79}.Release|Any CPU.ActiveCfg = Release|Any CPU
		{6D1CEE56-5F0C-4D3F-803E-8D5F4B7CBD79}.Release|Any CPU.Build.0 = Release|Any CPU
		{D002CD07-34B7-4E66-A871-B5FA57D03AC3}.Debug|Any CPU.ActiveCfg = Debug|Any CPU
		{D002CD07-34B7-4E66-A871-B5FA57D03AC3}.Debug|Any CPU.Build.0 = Debug|Any CPU
		{D002CD07-34B7-4E66-A871-B5FA57D03AC3}.Release|Any CPU.ActiveCfg = Release|Any CPU
		{D002CD07-34B7-4E66-A871-B5FA57D03AC3}.Release|Any CPU.Build.0 = Release|Any CPU
	EndGlobalSection
	GlobalSection(SolutionProperties) = preSolution
		HideSolutionNode = FALSE
	EndGlobalSection
EndGlobal
